
Microsoft Visual Studio Solution File, Format Version 12.00
# Visual Studio 15
VisualStudioVersion = 15.0.28010.0
MinimumVisualStudioVersion = 10.0.40219.1
Project("{FAE04EC0-301F-11D3-BF4B-00C04F79EFBC}") = "StationarySystem", "StationarySystem\StationarySystem.csproj", "{9189FE87-6DAD-4749-8745-E9E2934253CD}"
EndProject
Project("{2150E333-8FDC-42A3-9474-1A3956D46DE8}") = "Solution Items", "Solution Items", "{B0CBBEFD-05CB-456F-A09C-C89743E71B96}"
EndProject
Project("{FAE04EC0-301F-11D3-BF4B-00C04F79EFBC}") = "Test", "Test\Test.csproj", "{1976408D-78A3-4624-B176-DCF353156898}"
EndProject
Global
	GlobalSection(SolutionConfigurationPlatforms) = preSolution
		Debug|Any CPU = Debug|Any CPU
		Release|Any CPU = Release|Any CPU
	EndGlobalSection
	GlobalSection(ProjectConfigurationPlatforms) = postSolution
		{9189FE87-6DAD-4749-8745-E9E2934253CD}.Debug|Any CPU.ActiveCfg = Debug|Any CPU
		{9189FE87-6DAD-4749-8745-E9E2934253CD}.Debug|Any CPU.Build.0 = Debug|Any CPU
		{9189FE87-6DAD-4749-8745-E9E2934253CD}.Release|Any CPU.ActiveCfg = Release|Any CPU
		{9189FE87-6DAD-4749-8745-E9E2934253CD}.Release|Any CPU.Build.0 = Release|Any CPU
		{1976408D-78A3-4624-B176-DCF353156898}.Debug|Any CPU.ActiveCfg = Debug|Any CPU
		{1976408D-78A3-4624-B176-DCF353156898}.Debug|Any CPU.Build.0 = Debug|Any CPU
		{1976408D-78A3-4624-B176-DCF353156898}.Release|Any CPU.ActiveCfg = Release|Any CPU
		{1976408D-78A3-4624-B176-DCF353156898}.Release|Any CPU.Build.0 = Release|Any CPU
	EndGlobalSection
	GlobalSection(SolutionProperties) = preSolution
		HideSolutionNode = FALSE
	EndGlobalSection
	GlobalSection(ExtensibilityGlobals) = postSolution
		SolutionGuid = {D290F30C-5435-495F-8029-1E74BD21A02D}
	EndGlobalSection
EndGlobal
